{
  "name": "super-profanity",
  "version": "1.1.1",
  "lockfileVersion": 1,
  "requires": true,
  "dependencies": {
    "noswearing": {
      "version": "1.2.0",
      "resolved": "https://registry.npmjs.org/noswearing/-/noswearing-1.2.0.tgz",
      "integrity": "sha512-DxQY9cck733hhu7wXQ6RQD1Ixa6Oxxslsuvq/p46Pddr6QwnCXLZeaF3j5WPGwSeV9jAkdzD3Hl/er4KwaznCw=="
    },
    "tinyld": {
      "version": "1.2.0",
      "resolved": "https://registry.npmjs.org/tinyld/-/tinyld-1.2.0.tgz",
      "integrity": "sha512-rdFJpel73TOieGNgumdr1ZzW+UoZY5P/pZm6CcIGMvBZyi5zxo9Mcofka4S4tibctx/KLv9wGQH/dXan2Epx8g=="
    }
  }
}
